{
  "requires": true,
  "lockfileVersion": 1,
  "dependencies": {
    "bootstrap": {
      "version": "4.5.3",
      "resolved": "https://registry.npmjs.org/bootstrap/-/bootstrap-4.5.3.tgz",
      "integrity": "sha512-o9ppKQioXGqhw8Z7mah6KdTYpNQY//tipnkxppWhPbiSWdD+1raYsnhwEZjkTHYbGee4cVQ0Rx65EhOY/HNLcQ=="
    },
    "fsevents": {
      "version": "2.3.1",
      "resolved": "https://registry.npmjs.org/fsevents/-/fsevents-2.3.1.tgz",
      "integrity": "sha512-YR47Eg4hChJGAB1O3yEAOkGO+rlzutoICGqGo9EZ4lKWokzZRSyIW1QmTzqjtw8MJdj9srP869CuWw/hyzSiBw=="
    },
    "jquery": {
      "version": "3.5.1",
      "resolved": "https://registry.npmjs.org/jquery/-/jquery-3.5.1.tgz",
      "integrity": "sha512-XwIBPqcMn57FxfT+Go5pzySnm4KWkT1Tv7gjrpT1srtf8Weynl6R273VJ5GjkRb51IzMp5nbaPjJXMWeju2MKg=="
    },
    "milligram": {
      "version": "1.4.1",
      "resolved": "https://registry.npmjs.org/milligram/-/milligram-1.4.1.tgz",
      "integrity": "sha512-RCgh/boHhcXWOUfKJWm3RJRoUeaEguoipDg0mJ31G0tFfvcpWMUlO1Zlqqr12K4kAXfDlllaidu0x7PaL2PTFg==",
      "requires": {
        "normalize.css": "~8.0.1"
      }
    },
    "moment": {
      "version": "2.29.1",
      "resolved": "https://registry.npmjs.org/moment/-/moment-2.29.1.tgz",
      "integrity": "sha512-kHmoybcPV8Sqy59DwNDY3Jefr64lK/by/da0ViFcuA4DH0vQg5Q6Ze5VimxkfQNSC+Mls/Kx53s7TjP1RhFEDQ=="
    },
    "normalize.css": {
      "version": "8.0.1",
      "resolved": "https://registry.npmjs.org/normalize.css/-/normalize.css-8.0.1.tgz",
      "integrity": "sha512-qizSNPO93t1YUuUhP22btGOo3chcvDFqFaj2TRybP0DMxkHOCTYwp3n34fel4a31ORXy4m1Xq0Gyqpb5m33qIg=="
    }
  }
}
